
Microsoft Visual Studio Solution File, Format Version 12.00
# Visual Studio Version 16
VisualStudioVersion = 16.0.30128.74
MinimumVisualStudioVersion = 10.0.40219.1
Project("{FAE04EC0-301F-11D3-BF4B-00C04F79EFBC}") = "UseMwBlazorTree", "UseMwBlazorTree.csproj", "{A54ECAE5-2D2C-455F-8766-F4CFB5DC0097}"
EndProject
Global
	GlobalSection(SolutionConfigurationPlatforms) = preSolution
		Debug|Any CPU = Debug|Any CPU
		Release|Any CPU = Release|Any CPU
	EndGlobalSection
	GlobalSection(ProjectConfigurationPlatforms) = postSolution
		{A54ECAE5-2D2C-455F-8766-F4CFB5DC0097}.Debug|Any CPU.ActiveCfg = Debug|Any CPU
		{A54ECAE5-2D2C-455F-8766-F4CFB5DC0097}.Debug|Any CPU.Build.0 = Debug|Any CPU
		{A54ECAE5-2D2C-455F-8766-F4CFB5DC0097}.Release|Any CPU.ActiveCfg = Release|Any CPU
		{A54ECAE5-2D2C-455F-8766-F4CFB5DC0097}.Release|Any CPU.Build.0 = Release|Any CPU
	EndGlobalSection
	GlobalSection(SolutionProperties) = preSolution
		HideSolutionNode = FALSE
	EndGlobalSection
	GlobalSection(ExtensibilityGlobals) = postSolution
		SolutionGuid = {02B95272-4554-4904-BFCB-2CFE0AC5C64E}
	EndGlobalSection
EndGlobal
